
Microsoft Visual Studio Solution File, Format Version 12.00
# Visual Studio Version 17
VisualStudioVersion = 17.0.31903.59
MinimumVisualStudioVersion = 10.0.40219.1
Project("{2150E333-8FDC-42A3-9474-1A3956D46DE8}") = "src", "src", "{C70850A1-4FFA-4F0A-82CF-31EDA0A994A7}"
EndProject
Project("{FAE04EC0-301F-11D3-BF4B-00C04F79EFBC}") = "ProductCRUD.API", "src\ProductCRUD.API\ProductCRUD.API.csproj", "{8393BDF3-6C06-4B9B-8206-F8E05F5B283D}"
EndProject
Global
	GlobalSection(SolutionConfigurationPlatforms) = preSolution
		Debug|Any CPU = Debug|Any CPU
		Release|Any CPU = Release|Any CPU
	EndGlobalSection
	GlobalSection(SolutionProperties) = preSolution
		HideSolutionNode = FALSE
	EndGlobalSection
	GlobalSection(ProjectConfigurationPlatforms) = postSolution
		{8393BDF3-6C06-4B9B-8206-F8E05F5B283D}.Debug|Any CPU.ActiveCfg = Debug|Any CPU
		{8393BDF3-6C06-4B9B-8206-F8E05F5B283D}.Debug|Any CPU.Build.0 = Debug|Any CPU
		{8393BDF3-6C06-4B9B-8206-F8E05F5B283D}.Release|Any CPU.ActiveCfg = Release|Any CPU
		{8393BDF3-6C06-4B9B-8206-F8E05F5B283D}.Release|Any CPU.Build.0 = Release|Any CPU
	EndGlobalSection
	GlobalSection(NestedProjects) = preSolution
		{8393BDF3-6C06-4B9B-8206-F8E05F5B283D} = {C70850A1-4FFA-4F0A-82CF-31EDA0A994A7}
	EndGlobalSection
EndGlobal
